{
  "nodes": {
    "disko": {
      "inputs": {
        "nixpkgs": "nixpkgs"
      },
      "locked": {
        "lastModified": 1776613567,
        "narHash": "sha256-gC9Cp5ibBmGD5awCA9z7xy6MW6iJufhazTYJOiGlCUI=",
        "owner": "nix-community",
        "repo": "disko",
        "rev": "32f4236bfc141ae930b5ba2fb604f561fed5219d",
        "type": "github"
      },
      "original": {
        "id": "disko",
        "type": "indirect"
      }
    },
    "dotfiles": {
      "flake": false,
      "locked": {
        "lastModified": 1773346735,
        "narHash": "sha256-jDTtbdLsS3CK++JSfb0oVDuAjUCQ4z2xuVjY4ACdQTY=",
        "ref": "refs/heads/main",
        "rev": "07b596987cc418801128d5a4969674b9aad98b31",
        "revCount": 35,
        "type": "git",
        "url": "https://github.com/lovc21/dotfiles-bine.git"
      },
      "original": {
        "type": "git",
        "url": "https://github.com/lovc21/dotfiles-bine.git"
      }
    },
    "home-manager": {
      "inputs": {
        "nixpkgs": [
          "nixpkgs"
        ]
      },
      "locked": {
        "lastModified": 1777054018,
        "narHash": "sha256-tTNS7V6xN/LX1KZ0TrdOnj375ZrsUlLoce4qxZwDN9U=",
        "owner": "nix-community",
        "repo": "home-manager",
        "rev": "ffbd94a1c9d7d3e1258e51c084ab2109da04f2b1",
        "type": "github"
      },
      "original": {
        "owner": "nix-community",
        "repo": "home-manager",
        "type": "github"
      }
    },
    "nixos-hardware": {
      "locked": {
        "lastModified": 1776983936,
        "narHash": "sha256-ZOQyNqSvJ8UdrrqU1p7vaFcdL53idK+LOM8oRWEWh6o=",
        "owner": "NixOS",
        "repo": "nixos-hardware",
        "rev": "2096f3f411ce46e88a79ae4eafcfc9df8ed41c61",
        "type": "github"
      },
      "original": {
        "owner": "NixOS",
        "ref": "master",
        "repo": "nixos-hardware",
        "type": "github"
      }
    },
    "nixpkgs": {
      "locked": {
        "lastModified": 1773628058,
        "narHash": "sha256-hpXH0z3K9xv0fHaje136KY872VT2T5uwxtezlAskQgY=",
        "owner": "NixOS",
        "repo": "nixpkgs",
        "rev": "f8573b9c935cfaa162dd62cc9e75ae2db86f85df",
        "type": "github"
      },
      "original": {
        "owner": "NixOS",
        "ref": "nixpkgs-unstable",
        "repo": "nixpkgs",
        "type": "github"
      }
    },
    "nixpkgs-stable": {
      "locked": {
        "lastModified": 1776734388,
        "narHash": "sha256-vl3dkhlE5gzsItuHoEMVe+DlonsK+0836LIRDnm6MXQ=",
        "owner": "nixos",
        "repo": "nixpkgs",
        "rev": "10e7ad5bbcb421fe07e3a4ad53a634b0cd57ffac",
        "type": "github"
      },
      "original": {
        "owner": "nixos",
        "ref": "nixos-25.11",
        "repo": "nixpkgs",
        "type": "github"
      }
    },
    "nixpkgs_2": {
      "locked": {
        "lastModified": 1776548001,
        "narHash": "sha256-ZSK0NL4a1BwVbbTBoSnWgbJy9HeZFXLYQizjb2DPF24=",
        "owner": "nixos",
        "repo": "nixpkgs",
        "rev": "b12141ef619e0a9c1c84dc8c684040326f27cdcc",
        "type": "github"
      },
      "original": {
        "owner": "nixos",
        "ref": "nixos-unstable",
        "repo": "nixpkgs",
        "type": "github"
      }
    },
    "root": {
      "inputs": {
        "disko": "disko",
        "dotfiles": "dotfiles",
        "home-manager": "home-manager",
        "nixos-hardware": "nixos-hardware",
        "nixpkgs": "nixpkgs_2",
        "nixpkgs-stable": "nixpkgs-stable"
      }
    }
  },
  "root": "root",
  "version": 7
}
